{
  "name": "peizhenyuyue",
  "version": "1.0.0",
  "lockfileVersion": 2,
  "requires": true,
  "packages": {
    "": {
      "name": "peizhenyuyue",
      "version": "1.0.0",
      "license": "ISC",
      "dependencies": {
        "@vant/weapp": "^1.10.11"
      }
    },
    "node_modules/@vant/weapp": {
      "version": "1.10.11",
      "resolved": "https://registry.npmjs.org/@vant/weapp/-/weapp-1.10.11.tgz",
      "integrity": "sha512-ESJfvagXQyANuhxLa7wf0viGFt7n3ILMZnNXphLwBAf2ftO3zRmy09z/BSDjBxN1UDlNvacKw6X4SRAHZA2zHA=="
    }
  },
  "dependencies": {
    "@vant/weapp": {
      "version": "1.10.11",
      "resolved": "https://registry.npmjs.org/@vant/weapp/-/weapp-1.10.11.tgz",
      "integrity": "sha512-ESJfvagXQyANuhxLa7wf0viGFt7n3ILMZnNXphLwBAf2ftO3zRmy09z/BSDjBxN1UDlNvacKw6X4SRAHZA2zHA=="
    }
  }
}
